
Microsoft Visual Studio Solution File, Format Version 12.00
# Visual Studio Version 17
VisualStudioVersion = 17.11.35219.272
MinimumVisualStudioVersion = 10.0.40219.1
Project("{FAE04EC0-301F-11D3-BF4B-00C04F79EFBC}") = "AppCrud", "AppCrud.csproj", "{A2017473-A171-408C-A342-0181BD2A13C8}"
EndProject
Global
	GlobalSection(SolutionConfigurationPlatforms) = preSolution
		Debug|Any CPU = Debug|Any CPU
		Release|Any CPU = Release|Any CPU
	EndGlobalSection
	GlobalSection(ProjectConfigurationPlatforms) = postSolution
		{A2017473-A171-408C-A342-0181BD2A13C8}.Debug|Any CPU.ActiveCfg = Debug|Any CPU
		{A2017473-A171-408C-A342-0181BD2A13C8}.Debug|Any CPU.Build.0 = Debug|Any CPU
		{A2017473-A171-408C-A342-0181BD2A13C8}.Release|Any CPU.ActiveCfg = Release|Any CPU
		{A2017473-A171-408C-A342-0181BD2A13C8}.Release|Any CPU.Build.0 = Release|Any CPU
	EndGlobalSection
	GlobalSection(SolutionProperties) = preSolution
		HideSolutionNode = FALSE
	EndGlobalSection
	GlobalSection(ExtensibilityGlobals) = postSolution
		SolutionGuid = {699C1D46-E0E1-4FD3-91E4-EAA6D5C241C5}
	EndGlobalSection
EndGlobal
